
Microsoft Visual Studio Solution File, Format Version 12.00
# Visual Studio 15
VisualStudioVersion = 15.0.27130.0
MinimumVisualStudioVersion = 10.0.40219.1
Project("{FAE04EC0-301F-11D3-BF4B-00C04F79EFBC}") = "SnakeConsole", "SnakeConsole\SnakeConsole.csproj", "{AE336844-5209-4B3A-8FBD-B35124F3A313}"
EndProject
Project("{FAE04EC0-301F-11D3-BF4B-00C04F79EFBC}") = "SnakeTest", "SnakeTest\SnakeTest.csproj", "{080C9B0D-C7B7-4A9E-8973-3C47E6DF7EDC}"
EndProject
Project("{FAE04EC0-301F-11D3-BF4B-00C04F79EFBC}") = "Snake", "Snake\Snake.csproj", "{84BA9E80-0B65-4382-9A11-870DA7018DEA}"
EndProject
Global
	GlobalSection(SolutionConfigurationPlatforms) = preSolution
		Debug|Any CPU = Debug|Any CPU
		Release|Any CPU = Release|Any CPU
	EndGlobalSection
	GlobalSection(ProjectConfigurationPlatforms) = postSolution
		{AE336844-5209-4B3A-8FBD-B35124F3A313}.Debug|Any CPU.ActiveCfg = Debug|Any CPU
		{AE336844-5209-4B3A-8FBD-B35124F3A313}.Debug|Any CPU.Build.0 = Debug|Any CPU
		{AE336844-5209-4B3A-8FBD-B35124F3A313}.Release|Any CPU.ActiveCfg = Release|Any CPU
		{AE336844-5209-4B3A-8FBD-B35124F3A313}.Release|Any CPU.Build.0 = Release|Any CPU
		{080C9B0D-C7B7-4A9E-8973-3C47E6DF7EDC}.Debug|Any CPU.ActiveCfg = Debug|Any CPU
		{080C9B0D-C7B7-4A9E-8973-3C47E6DF7EDC}.Debug|Any CPU.Build.0 = Debug|Any CPU
		{080C9B0D-C7B7-4A9E-8973-3C47E6DF7EDC}.Release|Any CPU.ActiveCfg = Release|Any CPU
		{080C9B0D-C7B7-4A9E-8973-3C47E6DF7EDC}.Release|Any CPU.Build.0 = Release|Any CPU
		{84BA9E80-0B65-4382-9A11-870DA7018DEA}.Debug|Any CPU.ActiveCfg = Debug|Any CPU
		{84BA9E80-0B65-4382-9A11-870DA7018DEA}.Debug|Any CPU.Build.0 = Debug|Any CPU
		{84BA9E80-0B65-4382-9A11-870DA7018DEA}.Release|Any CPU.ActiveCfg = Release|Any CPU
		{84BA9E80-0B65-4382-9A11-870DA7018DEA}.Release|Any CPU.Build.0 = Release|Any CPU
	EndGlobalSection
	GlobalSection(SolutionProperties) = preSolution
		HideSolutionNode = FALSE
	EndGlobalSection
	GlobalSection(ExtensibilityGlobals) = postSolution
		SolutionGuid = {9A2C008E-301F-4CC5-B3C1-761DF59287A3}
	EndGlobalSection
EndGlobal
